
Microsoft Visual Studio Solution File, Format Version 12.00
# Visual Studio Version 16
VisualStudioVersion = 16.0.33130.400
MinimumVisualStudioVersion = 10.0.40219.1
Project("{9A19103F-16F7-4668-BE54-9A1E7A4F7556}") = "eShopSolution.WebApp", "eShopSolution.WebApp\eShopSolution.WebApp.csproj", "{02BB69C3-6D46-44CE-90ED-83E500E51955}"
EndProject
Project("{2150E333-8FDC-42A3-9474-1A3956D46DE8}") = "0. Solution Items", "0. Solution Items", "{798E6A29-B5A7-45FF-B1F9-D1997C82B1E8}"
	ProjectSection(SolutionItems) = preProject
		README.md = README.md
	EndProjectSection
EndProject
Project("{9A19103F-16F7-4668-BE54-9A1E7A4F7556}") = "eShopSolution.Data", "eShopSolution.Data\eShopSolution.Data.csproj", "{CA02F961-BBF6-45B2-BCD2-8737AB1D7DF7}"
EndProject
Project("{9A19103F-16F7-4668-BE54-9A1E7A4F7556}") = "eShopSolution.Application", "eShopSolution.Application\eShopSolution.Application.csproj", "{CB0172F1-89BA-4696-B859-59AFC8C9E07D}"
EndProject
Project("{9A19103F-16F7-4668-BE54-9A1E7A4F7556}") = "eShopSolution.Utilities", "eShopSolution.Utilities\eShopSolution.Utilities.csproj", "{F7018F7A-F6F8-4A4E-B068-3BAA1E45E5E1}"
EndProject
Project("{9A19103F-16F7-4668-BE54-9A1E7A4F7556}") = "eShopSolution.ViewModels", "eShopSolution.ViewModels\eShopSolution.ViewModels.csproj", "{A112A826-486F-4966-84AE-38C4EF09B289}"
EndProject
Project("{9A19103F-16F7-4668-BE54-9A1E7A4F7556}") = "eShopSolution.BackendApi", "eShopSolution.BackendApi\eShopSolution.BackendApi.csproj", "{92A940DC-DAB8-494F-AC3E-4DA2455A8C17}"
EndProject
Project("{2150E333-8FDC-42A3-9474-1A3956D46DE8}") = "1. Infrastructure", "1. Infrastructure", "{699DAF38-ED8F-4193-992F-EB52BA0D297B}"
EndProject
Project("{2150E333-8FDC-42A3-9474-1A3956D46DE8}") = "2. Domain", "2. Domain", "{73DAD48C-B18B-4B86-97F7-E2A7983E15F2}"
EndProject
Project("{2150E333-8FDC-42A3-9474-1A3956D46DE8}") = "3. Hosts", "3. Hosts", "{2DD047CD-236B-4079-9574-EDA0E88246CC}"
EndProject
Project("{9A19103F-16F7-4668-BE54-9A1E7A4F7556}") = "eShopSolution.AdminApp", "eShopSolution.AdminApp\eShopSolution.AdminApp.csproj", "{128364AB-9D78-4676-86CB-143FD49A789E}"
EndProject
Project("{9A19103F-16F7-4668-BE54-9A1E7A4F7556}") = "eShopSolution.ApiIntegration", "eShopSolution.ApiIntegration\eShopSolution.ApiIntegration.csproj", "{496B0CCC-0215-4CF6-BF90-0FF3C42749B8}"
EndProject
Global
	GlobalSection(SolutionConfigurationPlatforms) = preSolution
		Debug|Any CPU = Debug|Any CPU
		Release|Any CPU = Release|Any CPU
	EndGlobalSection
	GlobalSection(ProjectConfigurationPlatforms) = postSolution
		{02BB69C3-6D46-44CE-90ED-83E500E51955}.Debug|Any CPU.ActiveCfg = Debug|Any CPU
		{02BB69C3-6D46-44CE-90ED-83E500E51955}.Debug|Any CPU.Build.0 = Debug|Any CPU
		{02BB69C3-6D46-44CE-90ED-83E500E51955}.Release|Any CPU.ActiveCfg = Release|Any CPU
		{02BB69C3-6D46-44CE-90ED-83E500E51955}.Release|Any CPU.Build.0 = Release|Any CPU
		{CA02F961-BBF6-45B2-BCD2-8737AB1D7DF7}.Debug|Any CPU.ActiveCfg = Debug|Any CPU
		{CA02F961-BBF6-45B2-BCD2-8737AB1D7DF7}.Debug|Any CPU.Build.0 = Debug|Any CPU
		{CA02F961-BBF6-45B2-BCD2-8737AB1D7DF7}.Release|Any CPU.ActiveCfg = Release|Any CPU
		{CA02F961-BBF6-45B2-BCD2-8737AB1D7DF7}.Release|Any CPU.Build.0 = Release|Any CPU
		{CB0172F1-89BA-4696-B859-59AFC8C9E07D}.Debug|Any CPU.ActiveCfg = Debug|Any CPU
		{CB0172F1-89BA-4696-B859-59AFC8C9E07D}.Debug|Any CPU.Build.0 = Debug|Any CPU
		{CB0172F1-89BA-4696-B859-59AFC8C9E07D}.Release|Any CPU.ActiveCfg = Release|Any CPU
		{CB0172F1-89BA-4696-B859-59AFC8C9E07D}.Release|Any CPU.Build.0 = Release|Any CPU
		{F7018F7A-F6F8-4A4E-B068-3BAA1E45E5E1}.Debug|Any CPU.ActiveCfg = Debug|Any CPU
		{F7018F7A-F6F8-4A4E-B068-3BAA1E45E5E1}.Debug|Any CPU.Build.0 = Debug|Any CPU
		{F7018F7A-F6F8-4A4E-B068-3BAA1E45E5E1}.Release|Any CPU.ActiveCfg = Release|Any CPU
		{F7018F7A-F6F8-4A4E-B068-3BAA1E45E5E1}.Release|Any CPU.Build.0 = Release|Any CPU
		{A112A826-486F-4966-84AE-38C4EF09B289}.Debug|Any CPU.ActiveCfg = Debug|Any CPU
		{A112A826-486F-4966-84AE-38C4EF09B289}.Debug|Any CPU.Build.0 = Debug|Any CPU
		{A112A826-486F-4966-84AE-38C4EF09B289}.Release|Any CPU.ActiveCfg = Release|Any CPU
		{A112A826-486F-4966-84AE-38C4EF09B289}.Release|Any CPU.Build.0 = Release|Any CPU
		{92A940DC-DAB8-494F-AC3E-4DA2455A8C17}.Debug|Any CPU.ActiveCfg = Debug|Any CPU
		{92A940DC-DAB8-494F-AC3E-4DA2455A8C17}.Debug|Any CPU.Build.0 = Debug|Any CPU
		{92A940DC-DAB8-494F-AC3E-4DA2455A8C17}.Release|Any CPU.ActiveCfg = Release|Any CPU
		{92A940DC-DAB8-494F-AC3E-4DA2455A8C17}.Release|Any CPU.Build.0 = Release|Any CPU
		{128364AB-9D78-4676-86CB-143FD49A789E}.Debug|Any CPU.ActiveCfg = Debug|Any CPU
		{128364AB-9D78-4676-86CB-143FD49A789E}.Debug|Any CPU.Build.0 = Debug|Any CPU
		{128364AB-9D78-4676-86CB-143FD49A789E}.Release|Any CPU.ActiveCfg = Release|Any CPU
		{128364AB-9D78-4676-86CB-143FD49A789E}.Release|Any CPU.Build.0 = Release|Any CPU
		{496B0CCC-0215-4CF6-BF90-0FF3C42749B8}.Debug|Any CPU.ActiveCfg = Debug|Any CPU
		{496B0CCC-0215-4CF6-BF90-0FF3C42749B8}.Debug|Any CPU.Build.0 = Debug|Any CPU
		{496B0CCC-0215-4CF6-BF90-0FF3C42749B8}.Release|Any CPU.ActiveCfg = Release|Any CPU
		{496B0CCC-0215-4CF6-BF90-0FF3C42749B8}.Release|Any CPU.Build.0 = Release|Any CPU
	EndGlobalSection
	GlobalSection(SolutionProperties) = preSolution
		HideSolutionNode = FALSE
	EndGlobalSection
	GlobalSection(NestedProjects) = preSolution
		{02BB69C3-6D46-44CE-90ED-83E500E51955} = {2DD047CD-236B-4079-9574-EDA0E88246CC}
		{CA02F961-BBF6-45B2-BCD2-8737AB1D7DF7} = {73DAD48C-B18B-4B86-97F7-E2A7983E15F2}
		{CB0172F1-89BA-4696-B859-59AFC8C9E07D} = {73DAD48C-B18B-4B86-97F7-E2A7983E15F2}
		{F7018F7A-F6F8-4A4E-B068-3BAA1E45E5E1} = {699DAF38-ED8F-4193-992F-EB52BA0D297B}
		{A112A826-486F-4966-84AE-38C4EF09B289} = {699DAF38-ED8F-4193-992F-EB52BA0D297B}
		{92A940DC-DAB8-494F-AC3E-4DA2455A8C17} = {2DD047CD-236B-4079-9574-EDA0E88246CC}
		{128364AB-9D78-4676-86CB-143FD49A789E} = {2DD047CD-236B-4079-9574-EDA0E88246CC}
		{496B0CCC-0215-4CF6-BF90-0FF3C42749B8} = {2DD047CD-236B-4079-9574-EDA0E88246CC}
	EndGlobalSection
	GlobalSection(ExtensibilityGlobals) = postSolution
		SolutionGuid = {A3E9AC6E-CD06-442E-BDEF-FB97CCC21840}
	EndGlobalSection
EndGlobal
